
Microsoft Visual Studio Solution File, Format Version 12.00
# Visual Studio Version 17
VisualStudioVersion = 17.13.36105.23 d17.13
MinimumVisualStudioVersion = 10.0.40219.1
Project("{FAE04EC0-301F-11D3-BF4B-00C04F79EFBC}") = "ConsoleProdukt", "ConsoleProdukt.csproj", "{4E1D71F2-B549-4D27-A879-04C78E8BF8AB}"
EndProject
Global
	GlobalSection(SolutionConfigurationPlatforms) = preSolution
		Debug|Any CPU = Debug|Any CPU
		Release|Any CPU = Release|Any CPU
	EndGlobalSection
	GlobalSection(ProjectConfigurationPlatforms) = postSolution
		{4E1D71F2-B549-4D27-A879-04C78E8BF8AB}.Debug|Any CPU.ActiveCfg = Debug|Any CPU
		{4E1D71F2-B549-4D27-A879-04C78E8BF8AB}.Debug|Any CPU.Build.0 = Debug|Any CPU
		{4E1D71F2-B549-4D27-A879-04C78E8BF8AB}.Release|Any CPU.ActiveCfg = Release|Any CPU
		{4E1D71F2-B549-4D27-A879-04C78E8BF8AB}.Release|Any CPU.Build.0 = Release|Any CPU
	EndGlobalSection
	GlobalSection(SolutionProperties) = preSolution
		HideSolutionNode = FALSE
	EndGlobalSection
	GlobalSection(ExtensibilityGlobals) = postSolution
		SolutionGuid = {87E49207-F767-45E4-9356-6D3CD5487C70}
	EndGlobalSection
EndGlobal
